{
  "originHash" : "048ffc3e8b198fb7021130fc8c146b5ce1bc20a337c036aedd58bcdf2541e5be",
  "pins" : [
    {
      "identity" : "combine-schedulers",
      "kind" : "remoteSourceControl",
      "location" : "https://github.com/pointfreeco/combine-schedulers",
      "state" : {
        "revision" : "5928286acce13def418ec36d05a001a9641086f2",
        "version" : "1.0.3"
      }
    },
    {
      "identity" : "pointfree-html",
      "kind" : "remoteSourceControl",
      "location" : "https://github.com/coenttb/pointfree-html",
      "state" : {
        "revision" : "0867cb15127d9db0fe54e53d5a47fb5438d84710",
        "version" : "2.0.0"
      }
    },
    {
      "identity" : "pointfree-url-form-coding",
      "kind" : "remoteSourceControl",
      "location" : "https://github.com/coenttb/pointfree-url-form-coding.git",
      "state" : {
        "revision" : "20c06173a90ff7a90e20d9f216b99632b68031ca",
        "version" : "0.0.1"
      }
    },
    {
      "identity" : "swift-asn1",
      "kind" : "remoteSourceControl",
      "location" : "https://github.com/apple/swift-asn1.git",
      "state" : {
        "revision" : "f70225981241859eb4aa1a18a75531d26637c8cc",
        "version" : "1.4.0"
      }
    },
    {
      "identity" : "swift-builders",
      "kind" : "remoteSourceControl",
      "location" : "https://github.com/coenttb/swift-builders",
      "state" : {
        "revision" : "d9df6fa20e2ae7d9467baf9d19daa5b6d25d0644",
        "version" : "0.1.0"
      }
    },
    {
      "identity" : "swift-case-paths",
      "kind" : "remoteSourceControl",
      "location" : "https://github.com/pointfreeco/swift-case-paths",
      "state" : {
        "revision" : "9810c8d6c2914de251e072312f01d3bf80071852",
        "version" : "1.7.1"
      }
    },
    {
      "identity" : "swift-clocks",
      "kind" : "remoteSourceControl",
      "location" : "https://github.com/pointfreeco/swift-clocks",
      "state" : {
        "revision" : "cc46202b53476d64e824e0b6612da09d84ffde8e",
        "version" : "1.0.6"
      }
    },
    {
      "identity" : "swift-collections",
      "kind" : "remoteSourceControl",
      "location" : "https://github.com/apple/swift-collections.git",
      "state" : {
        "revision" : "8c0c0a8b49e080e54e5e328cc552821ff07cd341",
        "version" : "1.2.1"
      }
    },
    {
      "identity" : "swift-concurrency-extras",
      "kind" : "remoteSourceControl",
      "location" : "https://github.com/pointfreeco/swift-concurrency-extras",
      "state" : {
        "revision" : "82a4ae7170d98d8538ec77238b7eb8e7199ef2e8",
        "version" : "1.3.1"
      }
    },
    {
      "identity" : "swift-crypto",
      "kind" : "remoteSourceControl",
      "location" : "https://github.com/apple/swift-crypto",
      "state" : {
        "revision" : "176abc28e002a9952470f08745cd26fad9286776",
        "version" : "3.13.3"
      }
    },
    {
      "identity" : "swift-css-types",
      "kind" : "remoteSourceControl",
      "location" : "https://github.com/coenttb/swift-css-types.git",
      "state" : {
        "revision" : "be78ecea36f036ab165cbf7b1134b3fb7bcf036b",
        "version" : "0.1.0"
      }
    },
    {
      "identity" : "swift-custom-dump",
      "kind" : "remoteSourceControl",
      "location" : "https://github.com/pointfreeco/swift-custom-dump",
      "state" : {
        "revision" : "82645ec760917961cfa08c9c0c7104a57a0fa4b1",
        "version" : "1.3.3"
      }
    },
    {
      "identity" : "swift-date-parsing",
      "kind" : "remoteSourceControl",
      "location" : "https://github.com/coenttb/swift-date-parsing",
      "state" : {
        "revision" : "ba6ae4655dc3d4867acc405342ee53d347738dcd",
        "version" : "0.1.0"
      }
    },
    {
      "identity" : "swift-dependencies",
      "kind" : "remoteSourceControl",
      "location" : "https://github.com/pointfreeco/swift-dependencies",
      "state" : {
        "revision" : "eefcdaa88d2e2fd82e3405dfb6eb45872011a0b5",
        "version" : "1.9.3"
      }
    },
    {
      "identity" : "swift-domain-type",
      "kind" : "remoteSourceControl",
      "location" : "https://github.com/coenttb/swift-domain-type",
      "state" : {
        "revision" : "8717b1938bcda8be8dbfff2ce2bee64613b065ee",
        "version" : "0.0.1"
      }
    },
    {
      "identity" : "swift-emailaddress-type",
      "kind" : "remoteSourceControl",
      "location" : "https://github.com/coenttb/swift-emailaddress-type",
      "state" : {
        "revision" : "132c22471b012fe512cb3ad26c5ff0074a4bfd3d",
        "version" : "0.1.0"
      }
    },
    {
      "identity" : "swift-foundation-extensions",
      "kind" : "remoteSourceControl",
      "location" : "https://github.com/coenttb/swift-foundation-extensions",
      "state" : {
        "revision" : "878151aba1aba0ef24c0767d814c8b3908fee41c",
        "version" : "0.1.0"
      }
    },
    {
      "identity" : "swift-html",
      "kind" : "remoteSourceControl",
      "location" : "https://github.com/coenttb/swift-html",
      "state" : {
        "revision" : "377e3800355faf9014057538709d731619f58f22",
        "version" : "0.1.2"
      }
    },
    {
      "identity" : "swift-html-css-pointfree",
      "kind" : "remoteSourceControl",
      "location" : "https://github.com/coenttb/swift-html-css-pointfree",
      "state" : {
        "revision" : "925b36fa89e8247f7b01240905930886c46dd32f",
        "version" : "0.0.1"
      }
    },
    {
      "identity" : "swift-html-types",
      "kind" : "remoteSourceControl",
      "location" : "https://github.com/coenttb/swift-html-types",
      "state" : {
        "revision" : "c0e7f642573eef0e06006ef16b53ad7a0c7010c6",
        "version" : "0.1.0"
      }
    },
    {
      "identity" : "swift-jwt",
      "kind" : "remoteSourceControl",
      "location" : "https://github.com/coenttb/swift-jwt",
      "state" : {
        "revision" : "ae4c4c3542f34a1ba6ec3832d37aef81316405de",
        "version" : "0.0.1"
      }
    },
    {
      "identity" : "swift-parsing",
      "kind" : "remoteSourceControl",
      "location" : "https://github.com/pointfreeco/swift-parsing.git",
      "state" : {
        "revision" : "3432cb81164dd3d69a75d0d63205be5fbae2c34b",
        "version" : "0.14.1"
      }
    },
    {
      "identity" : "swift-rfc-1035",
      "kind" : "remoteSourceControl",
      "location" : "https://github.com/swift-web-standards/swift-rfc-1035",
      "state" : {
        "revision" : "95e9ca2e3f3ec303978e8cd18013e02b7d0f8a62",
        "version" : "0.0.1"
      }
    },
    {
      "identity" : "swift-rfc-1123",
      "kind" : "remoteSourceControl",
      "location" : "https://github.com/swift-web-standards/swift-rfc-1123",
      "state" : {
        "revision" : "97b8decb5fdfc02177faa5965a95606e36373388",
        "version" : "0.0.1"
      }
    },
    {
      "identity" : "swift-rfc-2822",
      "kind" : "remoteSourceControl",
      "location" : "https://github.com/swift-web-standards/swift-rfc-2822.git",
      "state" : {
        "revision" : "36aeec2d3a42cb2fab5aa94df905bcb280bef45b",
        "version" : "0.0.1"
      }
    },
    {
      "identity" : "swift-rfc-5321",
      "kind" : "remoteSourceControl",
      "location" : "https://github.com/swift-web-standards/swift-rfc-5321",
      "state" : {
        "revision" : "449d9291d1d2f6dcd6793c7d4ea855db1e7b062d",
        "version" : "0.0.1"
      }
    },
    {
      "identity" : "swift-rfc-5322",
      "kind" : "remoteSourceControl",
      "location" : "https://github.com/swift-web-standards/swift-rfc-5322",
      "state" : {
        "revision" : "0d648876050103ce8e005f545f02c1f29724e9e5",
        "version" : "0.0.1"
      }
    },
    {
      "identity" : "swift-rfc-6531",
      "kind" : "remoteSourceControl",
      "location" : "https://github.com/swift-web-standards/swift-rfc-6531",
      "state" : {
        "revision" : "af0fb8259f03e5c34955ecf62c0c95cb61019907",
        "version" : "0.0.1"
      }
    },
    {
      "identity" : "swift-rfc-7519",
      "kind" : "remoteSourceControl",
      "location" : "https://github.com/swift-web-standards/swift-rfc-7519.git",
      "state" : {
        "revision" : "7181bfabaa7edfad1286b22d007d668349252a66",
        "version" : "0.0.1"
      }
    },
    {
      "identity" : "swift-sitemap",
      "kind" : "remoteSourceControl",
      "location" : "https://github.com/coenttb/swift-sitemap",
      "state" : {
        "revision" : "216a4502300e6b87361247a321845ce33d5a48f8",
        "version" : "0.0.1"
      }
    },
    {
      "identity" : "swift-snapshot-testing",
      "kind" : "remoteSourceControl",
      "location" : "https://github.com/pointfreeco/swift-snapshot-testing.git",
      "state" : {
        "revision" : "d7e40607dcd6bc26543f5d9433103f06e0b28f8f",
        "version" : "1.18.6"
      }
    },
    {
      "identity" : "swift-syntax",
      "kind" : "remoteSourceControl",
      "location" : "https://github.com/swiftlang/swift-syntax",
      "state" : {
        "revision" : "f99ae8aa18f0cf0d53481901f88a0991dc3bd4a2",
        "version" : "601.0.1"
      }
    },
    {
      "identity" : "swift-url-form-coding",
      "kind" : "remoteSourceControl",
      "location" : "https://github.com/coenttb/swift-url-form-coding",
      "state" : {
        "revision" : "589ac3b05431a6aaf7d3dd74fe1004aa1110b93f",
        "version" : "0.0.2"
      }
    },
    {
      "identity" : "swift-url-form-coding-url-routing",
      "kind" : "remoteSourceControl",
      "location" : "https://github.com/coenttb/swift-url-form-coding-url-routing",
      "state" : {
        "revision" : "8fe440ed758ab8a365010148b96de4585403f1e7",
        "version" : "0.0.2"
      }
    },
    {
      "identity" : "swift-url-multipart-form-coding-url-routing",
      "kind" : "remoteSourceControl",
      "location" : "https://github.com/coenttb/swift-url-multipart-form-coding-url-routing",
      "state" : {
        "revision" : "2b7ff8289c5fec9847358dc1b32d2db7ebe6cfcd",
        "version" : "0.1.1"
      }
    },
    {
      "identity" : "swift-url-routing",
      "kind" : "remoteSourceControl",
      "location" : "https://github.com/pointfreeco/swift-url-routing",
      "state" : {
        "revision" : "1cfd564259ecb1d324bb718a8f03e513dab738d2",
        "version" : "0.6.2"
      }
    },
    {
      "identity" : "xctest-dynamic-overlay",
      "kind" : "remoteSourceControl",
      "location" : "https://github.com/pointfreeco/xctest-dynamic-overlay",
      "state" : {
        "revision" : "23e3442166b5122f73f9e3e622cd1e4bafeab3b7",
        "version" : "1.6.0"
      }
    }
  ],
  "version" : 3
}
